
Microsoft Visual Studio Solution File, Format Version 12.00
# Visual Studio Version 16
VisualStudioVersion = 16.0.29505.145
MinimumVisualStudioVersion = 10.0.40219.1
Project("{FAE04EC0-301F-11D3-BF4B-00C04F79EFBC}") = "TicTacToe.WPF", "TicTacToe.WPF\TicTacToe.WPF.csproj", "{512919EB-3DB5-4424-A580-CFD514D62D9D}"
EndProject
Global
	GlobalSection(SolutionConfigurationPlatforms) = preSolution
		Debug|Any CPU = Debug|Any CPU
		Release|Any CPU = Release|Any CPU
	EndGlobalSection
	GlobalSection(ProjectConfigurationPlatforms) = postSolution
		{512919EB-3DB5-4424-A580-CFD514D62D9D}.Debug|Any CPU.ActiveCfg = Debug|Any CPU
		{512919EB-3DB5-4424-A580-CFD514D62D9D}.Debug|Any CPU.Build.0 = Debug|Any CPU
		{512919EB-3DB5-4424-A580-CFD514D62D9D}.Release|Any CPU.ActiveCfg = Release|Any CPU
		{512919EB-3DB5-4424-A580-CFD514D62D9D}.Release|Any CPU.Build.0 = Release|Any CPU
	EndGlobalSection
	GlobalSection(SolutionProperties) = preSolution
		HideSolutionNode = FALSE
	EndGlobalSection
	GlobalSection(ExtensibilityGlobals) = postSolution
		SolutionGuid = {87CCB787-D9D4-4ED7-8419-00F309834DCA}
	EndGlobalSection
EndGlobal
